
Microsoft Visual Studio Solution File, Format Version 12.00
# Visual Studio Version 16
VisualStudioVersion = 16.0.32228.343
MinimumVisualStudioVersion = 10.0.40219.1
Project("{8BC9CEB8-8B4A-11D0-8D11-00A0C91BC942}") = "fheap", "fheap\fheap.vcxproj", "{5DD6B6B0-1937-47E2-AB41-77F44CF0CE82}"
EndProject
Project("{8BC9CEB8-8B4A-11D0-8D11-00A0C91BC942}") = "quadtree", "quadtree\quadtree.vcxproj", "{FACA3CBA-0D7D-4C78-8961-74B36DAC48E0}"
EndProject
Project("{8BC9CEB8-8B4A-11D0-8D11-00A0C91BC942}") = "leftistTree", "leftistTree\leftistTree.vcxproj", "{250CDC78-D817-45BF-9288-EB1D0356894D}"
EndProject
Global
	GlobalSection(SolutionConfigurationPlatforms) = preSolution
		Debug|x64 = Debug|x64
		Debug|x86 = Debug|x86
		Release|x64 = Release|x64
		Release|x86 = Release|x86
	EndGlobalSection
	GlobalSection(ProjectConfigurationPlatforms) = postSolution
		{5DD6B6B0-1937-47E2-AB41-77F44CF0CE82}.Debug|x64.ActiveCfg = Debug|x64
		{5DD6B6B0-1937-47E2-AB41-77F44CF0CE82}.Debug|x64.Build.0 = Debug|x64
		{5DD6B6B0-1937-47E2-AB41-77F44CF0CE82}.Debug|x86.ActiveCfg = Debug|Win32
		{5DD6B6B0-1937-47E2-AB41-77F44CF0CE82}.Debug|x86.Build.0 = Debug|Win32
		{5DD6B6B0-1937-47E2-AB41-77F44CF0CE82}.Release|x64.ActiveCfg = Release|x64
		{5DD6B6B0-1937-47E2-AB41-77F44CF0CE82}.Release|x64.Build.0 = Release|x64
		{5DD6B6B0-1937-47E2-AB41-77F44CF0CE82}.Release|x86.ActiveCfg = Release|Win32
		{5DD6B6B0-1937-47E2-AB41-77F44CF0CE82}.Release|x86.Build.0 = Release|Win32
		{FACA3CBA-0D7D-4C78-8961-74B36DAC48E0}.Debug|x64.ActiveCfg = Debug|x64
		{FACA3CBA-0D7D-4C78-8961-74B36DAC48E0}.Debug|x64.Build.0 = Debug|x64
		{FACA3CBA-0D7D-4C78-8961-74B36DAC48E0}.Debug|x86.ActiveCfg = Debug|Win32
		{FACA3CBA-0D7D-4C78-8961-74B36DAC48E0}.Debug|x86.Build.0 = Debug|Win32
		{FACA3CBA-0D7D-4C78-8961-74B36DAC48E0}.Release|x64.ActiveCfg = Release|x64
		{FACA3CBA-0D7D-4C78-8961-74B36DAC48E0}.Release|x64.Build.0 = Release|x64
		{FACA3CBA-0D7D-4C78-8961-74B36DAC48E0}.Release|x86.ActiveCfg = Release|Win32
		{FACA3CBA-0D7D-4C78-8961-74B36DAC48E0}.Release|x86.Build.0 = Release|Win32
		{250CDC78-D817-45BF-9288-EB1D0356894D}.Debug|x64.ActiveCfg = Debug|x64
		{250CDC78-D817-45BF-9288-EB1D0356894D}.Debug|x64.Build.0 = Debug|x64
		{250CDC78-D817-45BF-9288-EB1D0356894D}.Debug|x86.ActiveCfg = Debug|Win32
		{250CDC78-D817-45BF-9288-EB1D0356894D}.Debug|x86.Build.0 = Debug|Win32
		{250CDC78-D817-45BF-9288-EB1D0356894D}.Release|x64.ActiveCfg = Release|x64
		{250CDC78-D817-45BF-9288-EB1D0356894D}.Release|x64.Build.0 = Release|x64
		{250CDC78-D817-45BF-9288-EB1D0356894D}.Release|x86.ActiveCfg = Release|Win32
		{250CDC78-D817-45BF-9288-EB1D0356894D}.Release|x86.Build.0 = Release|Win32
	EndGlobalSection
	GlobalSection(SolutionProperties) = preSolution
		HideSolutionNode = FALSE
	EndGlobalSection
	GlobalSection(ExtensibilityGlobals) = postSolution
		SolutionGuid = {0096EC3F-DD74-4C6E-B325-539050592DAF}
	EndGlobalSection
EndGlobal
